
Microsoft Visual Studio Solution File, Format Version 12.00
# Visual Studio Version 16
VisualStudioVersion = 16.0.31702.278
MinimumVisualStudioVersion = 10.0.40219.1
Project("{8BC9CEB8-8B4A-11D0-8D11-00A0C91BC942}") = "6.1", "6.1\6.1.vcxproj", "{E10DE9D5-EEE4-4723-AEC7-F7C92D8E90F8}"
EndProject
Global
	GlobalSection(SolutionConfigurationPlatforms) = preSolution
		Debug|x64 = Debug|x64
		Debug|x86 = Debug|x86
		Release|x64 = Release|x64
		Release|x86 = Release|x86
	EndGlobalSection
	GlobalSection(ProjectConfigurationPlatforms) = postSolution
		{E10DE9D5-EEE4-4723-AEC7-F7C92D8E90F8}.Debug|x64.ActiveCfg = Debug|x64
		{E10DE9D5-EEE4-4723-AEC7-F7C92D8E90F8}.Debug|x64.Build.0 = Debug|x64
		{E10DE9D5-EEE4-4723-AEC7-F7C92D8E90F8}.Debug|x86.ActiveCfg = Debug|Win32
		{E10DE9D5-EEE4-4723-AEC7-F7C92D8E90F8}.Debug|x86.Build.0 = Debug|Win32
		{E10DE9D5-EEE4-4723-AEC7-F7C92D8E90F8}.Release|x64.ActiveCfg = Release|x64
		{E10DE9D5-EEE4-4723-AEC7-F7C92D8E90F8}.Release|x64.Build.0 = Release|x64
		{E10DE9D5-EEE4-4723-AEC7-F7C92D8E90F8}.Release|x86.ActiveCfg = Release|Win32
		{E10DE9D5-EEE4-4723-AEC7-F7C92D8E90F8}.Release|x86.Build.0 = Release|Win32
	EndGlobalSection
	GlobalSection(SolutionProperties) = preSolution
		HideSolutionNode = FALSE
	EndGlobalSection
	GlobalSection(ExtensibilityGlobals) = postSolution
		SolutionGuid = {9E92606C-356F-409A-B22E-9ADBE0DFF965}
	EndGlobalSection
EndGlobal
