
Microsoft Visual Studio Solution File, Format Version 12.00
# Visual Studio Version 16
VisualStudioVersion = 16.0.32407.337
MinimumVisualStudioVersion = 10.0.40219.1
Project("{8BC9CEB8-8B4A-11D0-8D11-00A0C91BC942}") = "generator", "generator\generator.vcxproj", "{8357E425-EB58-4551-AD42-1AF98E351E61}"
EndProject
Global
	GlobalSection(SolutionConfigurationPlatforms) = preSolution
		Debug|x64 = Debug|x64
		Debug|x86 = Debug|x86
		Release|x64 = Release|x64
		Release|x86 = Release|x86
	EndGlobalSection
	GlobalSection(ProjectConfigurationPlatforms) = postSolution
		{8357E425-EB58-4551-AD42-1AF98E351E61}.Debug|x64.ActiveCfg = Debug|x64
		{8357E425-EB58-4551-AD42-1AF98E351E61}.Debug|x64.Build.0 = Debug|x64
		{8357E425-EB58-4551-AD42-1AF98E351E61}.Debug|x86.ActiveCfg = Debug|Win32
		{8357E425-EB58-4551-AD42-1AF98E351E61}.Debug|x86.Build.0 = Debug|Win32
		{8357E425-EB58-4551-AD42-1AF98E351E61}.Release|x64.ActiveCfg = Release|x64
		{8357E425-EB58-4551-AD42-1AF98E351E61}.Release|x64.Build.0 = Release|x64
		{8357E425-EB58-4551-AD42-1AF98E351E61}.Release|x86.ActiveCfg = Release|Win32
		{8357E425-EB58-4551-AD42-1AF98E351E61}.Release|x86.Build.0 = Release|Win32
	EndGlobalSection
	GlobalSection(SolutionProperties) = preSolution
		HideSolutionNode = FALSE
	EndGlobalSection
	GlobalSection(ExtensibilityGlobals) = postSolution
		SolutionGuid = {0EC6C761-9094-4C57-8F44-A1E349C995DC}
	EndGlobalSection
EndGlobal
