
Microsoft Visual Studio Solution File, Format Version 12.00
# Visual Studio Version 16
VisualStudioVersion = 16.0.31702.278
MinimumVisualStudioVersion = 10.0.40219.1
Project("{8BC9CEB8-8B4A-11D0-8D11-00A0C91BC942}") = "7.1.8", "7.1.8\7.1.8.vcxproj", "{47EC2F0D-FD40-4D53-8510-CF57F2117D83}"
EndProject
Global
	GlobalSection(SolutionConfigurationPlatforms) = preSolution
		Debug|x64 = Debug|x64
		Debug|x86 = Debug|x86
		Release|x64 = Release|x64
		Release|x86 = Release|x86
	EndGlobalSection
	GlobalSection(ProjectConfigurationPlatforms) = postSolution
		{47EC2F0D-FD40-4D53-8510-CF57F2117D83}.Debug|x64.ActiveCfg = Debug|x64
		{47EC2F0D-FD40-4D53-8510-CF57F2117D83}.Debug|x64.Build.0 = Debug|x64
		{47EC2F0D-FD40-4D53-8510-CF57F2117D83}.Debug|x86.ActiveCfg = Debug|Win32
		{47EC2F0D-FD40-4D53-8510-CF57F2117D83}.Debug|x86.Build.0 = Debug|Win32
		{47EC2F0D-FD40-4D53-8510-CF57F2117D83}.Release|x64.ActiveCfg = Release|x64
		{47EC2F0D-FD40-4D53-8510-CF57F2117D83}.Release|x64.Build.0 = Release|x64
		{47EC2F0D-FD40-4D53-8510-CF57F2117D83}.Release|x86.ActiveCfg = Release|Win32
		{47EC2F0D-FD40-4D53-8510-CF57F2117D83}.Release|x86.Build.0 = Release|Win32
	EndGlobalSection
	GlobalSection(SolutionProperties) = preSolution
		HideSolutionNode = FALSE
	EndGlobalSection
	GlobalSection(ExtensibilityGlobals) = postSolution
		SolutionGuid = {602BD41E-A431-46CC-93E7-963143FE0260}
	EndGlobalSection
EndGlobal
