
Microsoft Visual Studio Solution File, Format Version 12.00
# Visual Studio Version 16
VisualStudioVersion = 16.0.32106.194
MinimumVisualStudioVersion = 10.0.40219.1
Project("{8BC9CEB8-8B4A-11D0-8D11-00A0C91BC942}") = "Check", "Check.vcxproj", "{9DCE69D9-7737-4937-8886-469873009E1A}"
EndProject
Global
	GlobalSection(SolutionConfigurationPlatforms) = preSolution
		Debug|x64 = Debug|x64
		Debug|x86 = Debug|x86
		Release|x64 = Release|x64
		Release|x86 = Release|x86
	EndGlobalSection
	GlobalSection(ProjectConfigurationPlatforms) = postSolution
		{9DCE69D9-7737-4937-8886-469873009E1A}.Debug|x64.ActiveCfg = Debug|x64
		{9DCE69D9-7737-4937-8886-469873009E1A}.Debug|x64.Build.0 = Debug|x64
		{9DCE69D9-7737-4937-8886-469873009E1A}.Debug|x86.ActiveCfg = Debug|Win32
		{9DCE69D9-7737-4937-8886-469873009E1A}.Debug|x86.Build.0 = Debug|Win32
		{9DCE69D9-7737-4937-8886-469873009E1A}.Release|x64.ActiveCfg = Release|x64
		{9DCE69D9-7737-4937-8886-469873009E1A}.Release|x64.Build.0 = Release|x64
		{9DCE69D9-7737-4937-8886-469873009E1A}.Release|x86.ActiveCfg = Release|Win32
		{9DCE69D9-7737-4937-8886-469873009E1A}.Release|x86.Build.0 = Release|Win32
	EndGlobalSection
	GlobalSection(SolutionProperties) = preSolution
		HideSolutionNode = FALSE
	EndGlobalSection
	GlobalSection(ExtensibilityGlobals) = postSolution
		SolutionGuid = {E0F63F33-3466-41A5-815A-9CFE484C141F}
	EndGlobalSection
EndGlobal
