
Microsoft Visual Studio Solution File, Format Version 12.00
# Visual Studio Version 16
VisualStudioVersion = 16.0.31702.278
MinimumVisualStudioVersion = 10.0.40219.1
Project("{8BC9CEB8-8B4A-11D0-8D11-00A0C91BC942}") = "4.1.e", "4.1.e\4.1.e.vcxproj", "{8386AC59-E7FA-4396-89EE-F40036F1D192}"
EndProject
Global
	GlobalSection(SolutionConfigurationPlatforms) = preSolution
		Debug|x64 = Debug|x64
		Debug|x86 = Debug|x86
		Release|x64 = Release|x64
		Release|x86 = Release|x86
	EndGlobalSection
	GlobalSection(ProjectConfigurationPlatforms) = postSolution
		{8386AC59-E7FA-4396-89EE-F40036F1D192}.Debug|x64.ActiveCfg = Debug|x64
		{8386AC59-E7FA-4396-89EE-F40036F1D192}.Debug|x64.Build.0 = Debug|x64
		{8386AC59-E7FA-4396-89EE-F40036F1D192}.Debug|x86.ActiveCfg = Debug|Win32
		{8386AC59-E7FA-4396-89EE-F40036F1D192}.Debug|x86.Build.0 = Debug|Win32
		{8386AC59-E7FA-4396-89EE-F40036F1D192}.Release|x64.ActiveCfg = Release|x64
		{8386AC59-E7FA-4396-89EE-F40036F1D192}.Release|x64.Build.0 = Release|x64
		{8386AC59-E7FA-4396-89EE-F40036F1D192}.Release|x86.ActiveCfg = Release|Win32
		{8386AC59-E7FA-4396-89EE-F40036F1D192}.Release|x86.Build.0 = Release|Win32
	EndGlobalSection
	GlobalSection(SolutionProperties) = preSolution
		HideSolutionNode = FALSE
	EndGlobalSection
	GlobalSection(ExtensibilityGlobals) = postSolution
		SolutionGuid = {F7406884-3A97-4C71-A33D-2E7D33446793}
	EndGlobalSection
EndGlobal
